
Microsoft Visual Studio Solution File, Format Version 12.00
# Visual Studio Version 17
VisualStudioVersion = 17.7.34302.85
MinimumVisualStudioVersion = 10.0.40219.1
Project("{FAE04EC0-301F-11D3-BF4B-00C04F79EFBC}") = "L38_workWithClass", "L38_workWithClass.csproj", "{7CD5D18C-0D66-4A9A-AD49-5CE0617C49FD}"
EndProject
Global
	GlobalSection(SolutionConfigurationPlatforms) = preSolution
		Debug|Any CPU = Debug|Any CPU
		Release|Any CPU = Release|Any CPU
	EndGlobalSection
	GlobalSection(ProjectConfigurationPlatforms) = postSolution
		{7CD5D18C-0D66-4A9A-AD49-5CE0617C49FD}.Debug|Any CPU.ActiveCfg = Debug|Any CPU
		{7CD5D18C-0D66-4A9A-AD49-5CE0617C49FD}.Debug|Any CPU.Build.0 = Debug|Any CPU
		{7CD5D18C-0D66-4A9A-AD49-5CE0617C49FD}.Release|Any CPU.ActiveCfg = Release|Any CPU
		{7CD5D18C-0D66-4A9A-AD49-5CE0617C49FD}.Release|Any CPU.Build.0 = Release|Any CPU
	EndGlobalSection
	GlobalSection(SolutionProperties) = preSolution
		HideSolutionNode = FALSE
	EndGlobalSection
	GlobalSection(ExtensibilityGlobals) = postSolution
		SolutionGuid = {A0EF11BD-58BA-4B44-82A3-3EE2A3D13166}
	EndGlobalSection
EndGlobal
